{
  "name": "jotai-hook-form",
  "version": "0.1.0",
  "lockfileVersion": 2,
  "requires": true,
  "packages": {
    "": {
      "name": "jotai-hook-form",
      "version": "0.1.0",
      "license": "MIT",
      "dependencies": {
        "@types/react": "^18.0.21",
        "jotai": "^1.8.6",
        "json-pointer": "^0.6.2"
      },
      "devDependencies": {
        "@types/json-pointer": "^1.0.31",
        "tslib": "^2.4.0"
      },
      "engines": {
        "node": ">=10"
      },
      "peerDependencies": {
        "react": ">=16"
      }
    },
    "node_modules/@types/json-pointer": {
      "version": "1.0.31",
      "resolved": "https://registry.npmjs.org/@types/json-pointer/-/json-pointer-1.0.31.tgz",
      "integrity": "sha512-hTPul7Um6LqsHXHQpdkXTU7Oysjsf+9k4Yfmg6JhSKG/jj9QuQGyMUdj6trPH6WHiIdxw7nYSROgOxeFmCVK2w==",
      "dev": true
    },
    "node_modules/@types/prop-types": {
      "version": "15.7.5",
      "resolved": "https://registry.npmjs.org/@types/prop-types/-/prop-types-15.7.5.tgz",
      "integrity": "sha512-JCB8C6SnDoQf0cNycqd/35A7MjcnK+ZTqE7judS6o7utxUCg6imJg3QK2qzHKszlTjcj2cn+NwMB2i96ubpj7w=="
    },
    "node_modules/@types/react": {
      "version": "18.0.21",
      "resolved": "https://registry.npmjs.org/@types/react/-/react-18.0.21.tgz",
      "integrity": "sha512-7QUCOxvFgnD5Jk8ZKlUAhVcRj7GuJRjnjjiY/IUBWKgOlnvDvTMLD4RTF7NPyVmbRhNrbomZiOepg7M/2Kj1mA==",
      "dependencies": {
        "@types/prop-types": "*",
        "@types/scheduler": "*",
        "csstype": "^3.0.2"
      }
    },
    "node_modules/@types/scheduler": {
      "version": "0.16.2",
      "resolved": "https://registry.npmjs.org/@types/scheduler/-/scheduler-0.16.2.tgz",
      "integrity": "sha512-hppQEBDmlwhFAXKJX2KnWLYu5yMfi91yazPb2l+lbJiwW+wdo1gNeRA+3RgNSO39WYX2euey41KEwnqesU2Jew=="
    },
    "node_modules/csstype": {
      "version": "3.1.1",
      "resolved": "https://registry.npmjs.org/csstype/-/csstype-3.1.1.tgz",
      "integrity": "sha512-DJR/VvkAvSZW9bTouZue2sSxDwdTN92uHjqeKVm+0dAqdfNykRzQ95tay8aXMBAAPpUiq4Qcug2L7neoRh2Egw=="
    },
    "node_modules/foreach": {
      "version": "2.0.6",
      "resolved": "https://registry.npmjs.org/foreach/-/foreach-2.0.6.tgz",
      "integrity": "sha512-k6GAGDyqLe9JaebCsFCoudPPWfihKu8pylYXRlqP1J7ms39iPoTtk2fviNglIeQEwdh0bQeKJ01ZPyuyQvKzwg=="
    },
    "node_modules/jotai": {
      "version": "1.8.6",
      "resolved": "https://registry.npmjs.org/jotai/-/jotai-1.8.6.tgz",
      "integrity": "sha512-6JXNd2ewR6Ur0hGY0kRJebQ++p7lN/8kNdGNXv7XT11FDPxAtPN2XLM+m0w4bV22f1knQlG8ZpVLfY6BEGF+UQ==",
      "engines": {
        "node": ">=12.7.0"
      },
      "peerDependencies": {
        "@babel/core": "*",
        "@babel/template": "*",
        "@tanstack/query-core": "*",
        "@urql/core": "*",
        "immer": "*",
        "optics-ts": "*",
        "react": ">=16.8",
        "valtio": "*",
        "wonka": "*",
        "xstate": "*"
      },
      "peerDependenciesMeta": {
        "@babel/core": {
          "optional": true
        },
        "@babel/template": {
          "optional": true
        },
        "@tanstack/query-core": {
          "optional": true
        },
        "@urql/core": {
          "optional": true
        },
        "immer": {
          "optional": true
        },
        "optics-ts": {
          "optional": true
        },
        "valtio": {
          "optional": true
        },
        "wonka": {
          "optional": true
        },
        "xstate": {
          "optional": true
        }
      }
    },
    "node_modules/js-tokens": {
      "version": "4.0.0",
      "resolved": "https://registry.npmjs.org/js-tokens/-/js-tokens-4.0.0.tgz",
      "integrity": "sha512-RdJUflcE3cUzKiMqQgsCu06FPu9UdIJO0beYbPhHN4k6apgJtifcoCtT9bcxOpYBtpD2kCM6Sbzg4CausW/PKQ==",
      "peer": true
    },
    "node_modules/json-pointer": {
      "version": "0.6.2",
      "resolved": "https://registry.npmjs.org/json-pointer/-/json-pointer-0.6.2.tgz",
      "integrity": "sha512-vLWcKbOaXlO+jvRy4qNd+TI1QUPZzfJj1tpJ3vAXDych5XJf93ftpUKe5pKCrzyIIwgBJcOcCVRUfqQP25afBw==",
      "dependencies": {
        "foreach": "^2.0.4"
      }
    },
    "node_modules/loose-envify": {
      "version": "1.4.0",
      "resolved": "https://registry.npmjs.org/loose-envify/-/loose-envify-1.4.0.tgz",
      "integrity": "sha512-lyuxPGr/Wfhrlem2CL/UcnUc1zcqKAImBDzukY7Y5F/yQiNdko6+fRLevlw1HgMySw7f611UIY408EtxRSoK3Q==",
      "peer": true,
      "dependencies": {
        "js-tokens": "^3.0.0 || ^4.0.0"
      },
      "bin": {
        "loose-envify": "cli.js"
      }
    },
    "node_modules/react": {
      "version": "18.2.0",
      "resolved": "https://registry.npmjs.org/react/-/react-18.2.0.tgz",
      "integrity": "sha512-/3IjMdb2L9QbBdWiW5e3P2/npwMBaU9mHCSCUzNln0ZCYbcfTsGbTJrU/kGemdH2IWmB2ioZ+zkxtmq6g09fGQ==",
      "peer": true,
      "dependencies": {
        "loose-envify": "^1.1.0"
      },
      "engines": {
        "node": ">=0.10.0"
      }
    },
    "node_modules/tslib": {
      "version": "2.4.0",
      "resolved": "https://registry.npmjs.org/tslib/-/tslib-2.4.0.tgz",
      "integrity": "sha512-d6xOpEDfsi2CZVlPQzGeux8XMwLT9hssAsaPYExaQMuYskwb+x1x7J371tWlbBdWHroy99KnVB6qIkUbs5X3UQ==",
      "dev": true
    }
  },
  "dependencies": {
    "@types/json-pointer": {
      "version": "1.0.31",
      "resolved": "https://registry.npmjs.org/@types/json-pointer/-/json-pointer-1.0.31.tgz",
      "integrity": "sha512-hTPul7Um6LqsHXHQpdkXTU7Oysjsf+9k4Yfmg6JhSKG/jj9QuQGyMUdj6trPH6WHiIdxw7nYSROgOxeFmCVK2w==",
      "dev": true
    },
    "@types/prop-types": {
      "version": "15.7.5",
      "resolved": "https://registry.npmjs.org/@types/prop-types/-/prop-types-15.7.5.tgz",
      "integrity": "sha512-JCB8C6SnDoQf0cNycqd/35A7MjcnK+ZTqE7judS6o7utxUCg6imJg3QK2qzHKszlTjcj2cn+NwMB2i96ubpj7w=="
    },
    "@types/react": {
      "version": "18.0.21",
      "resolved": "https://registry.npmjs.org/@types/react/-/react-18.0.21.tgz",
      "integrity": "sha512-7QUCOxvFgnD5Jk8ZKlUAhVcRj7GuJRjnjjiY/IUBWKgOlnvDvTMLD4RTF7NPyVmbRhNrbomZiOepg7M/2Kj1mA==",
      "requires": {
        "@types/prop-types": "*",
        "@types/scheduler": "*",
        "csstype": "^3.0.2"
      }
    },
    "@types/scheduler": {
      "version": "0.16.2",
      "resolved": "https://registry.npmjs.org/@types/scheduler/-/scheduler-0.16.2.tgz",
      "integrity": "sha512-hppQEBDmlwhFAXKJX2KnWLYu5yMfi91yazPb2l+lbJiwW+wdo1gNeRA+3RgNSO39WYX2euey41KEwnqesU2Jew=="
    },
    "csstype": {
      "version": "3.1.1",
      "resolved": "https://registry.npmjs.org/csstype/-/csstype-3.1.1.tgz",
      "integrity": "sha512-DJR/VvkAvSZW9bTouZue2sSxDwdTN92uHjqeKVm+0dAqdfNykRzQ95tay8aXMBAAPpUiq4Qcug2L7neoRh2Egw=="
    },
    "foreach": {
      "version": "2.0.6",
      "resolved": "https://registry.npmjs.org/foreach/-/foreach-2.0.6.tgz",
      "integrity": "sha512-k6GAGDyqLe9JaebCsFCoudPPWfihKu8pylYXRlqP1J7ms39iPoTtk2fviNglIeQEwdh0bQeKJ01ZPyuyQvKzwg=="
    },
    "jotai": {
      "version": "1.8.6",
      "resolved": "https://registry.npmjs.org/jotai/-/jotai-1.8.6.tgz",
      "integrity": "sha512-6JXNd2ewR6Ur0hGY0kRJebQ++p7lN/8kNdGNXv7XT11FDPxAtPN2XLM+m0w4bV22f1knQlG8ZpVLfY6BEGF+UQ==",
      "requires": {}
    },
    "js-tokens": {
      "version": "4.0.0",
      "resolved": "https://registry.npmjs.org/js-tokens/-/js-tokens-4.0.0.tgz",
      "integrity": "sha512-RdJUflcE3cUzKiMqQgsCu06FPu9UdIJO0beYbPhHN4k6apgJtifcoCtT9bcxOpYBtpD2kCM6Sbzg4CausW/PKQ==",
      "peer": true
    },
    "json-pointer": {
      "version": "0.6.2",
      "resolved": "https://registry.npmjs.org/json-pointer/-/json-pointer-0.6.2.tgz",
      "integrity": "sha512-vLWcKbOaXlO+jvRy4qNd+TI1QUPZzfJj1tpJ3vAXDych5XJf93ftpUKe5pKCrzyIIwgBJcOcCVRUfqQP25afBw==",
      "requires": {
        "foreach": "^2.0.4"
      }
    },
    "loose-envify": {
      "version": "1.4.0",
      "resolved": "https://registry.npmjs.org/loose-envify/-/loose-envify-1.4.0.tgz",
      "integrity": "sha512-lyuxPGr/Wfhrlem2CL/UcnUc1zcqKAImBDzukY7Y5F/yQiNdko6+fRLevlw1HgMySw7f611UIY408EtxRSoK3Q==",
      "peer": true,
      "requires": {
        "js-tokens": "^3.0.0 || ^4.0.0"
      }
    },
    "react": {
      "version": "18.2.0",
      "resolved": "https://registry.npmjs.org/react/-/react-18.2.0.tgz",
      "integrity": "sha512-/3IjMdb2L9QbBdWiW5e3P2/npwMBaU9mHCSCUzNln0ZCYbcfTsGbTJrU/kGemdH2IWmB2ioZ+zkxtmq6g09fGQ==",
      "peer": true,
      "requires": {
        "loose-envify": "^1.1.0"
      }
    },
    "tslib": {
      "version": "2.4.0",
      "resolved": "https://registry.npmjs.org/tslib/-/tslib-2.4.0.tgz",
      "integrity": "sha512-d6xOpEDfsi2CZVlPQzGeux8XMwLT9hssAsaPYExaQMuYskwb+x1x7J371tWlbBdWHroy99KnVB6qIkUbs5X3UQ==",
      "dev": true
    }
  }
}
